<?xml version="1.0" encoding="utf-8"?>
<Project ToolsVersion="4.0" xmlns="http://schemas.microsoft.com/developer/msbuild/2003">
  <ItemGroup>
    <Filter Include="Source Files">
      <UniqueIdentifier>{4FC737F1-C7A5-4376-A066-2A32D752A2FF}</UniqueIdentifier>
      <Extensions>cpp;c;cc;cxx;c++;cppm;ixx;def;odl;idl;hpj;bat;asm;asmx</Extensions>
    </Filter>
    <Filter Include="Header Files">
      <UniqueIdentifier>{93995380-89BD-4b04-88EB-625FBE52EBFB}</UniqueIdentifier>
      <Extensions>h;hh;hpp;hxx;h++;hm;inl;inc;ipp;xsd</Extensions>
    </Filter>
    <Filter Include="Resource Files">
      <UniqueIdentifier>{67DA6AB6-F800-4c08-8B7A-83BB121AAD01}</UniqueIdentifier>
      <Extensions>rc;ico;cur;bmp;dlg;rc2;rct;bin;rgs;gif;jpg;jpeg;jpe;resx;tiff;tif;png;wav;mfcribbon-ms</Extensions>
    </Filter>
  </ItemGroup>
  <ItemGroup>
    <ClCompile Include="USscanner.cpp">
      <Filter>Source Files</Filter>
    </ClCompile>
    <ClCompile Include="..\..\component\src\fx3.cpp">
      <Filter>Source Files</Filter>
    </ClCompile>
    <ClCompile Include="..\..\component\src\intelhex.cpp">
      <Filter>Source Files</Filter>
    </ClCompile>
    <ClCompile Include="..\..\component\src\octopus.cpp">
      <Filter>Source Files</Filter>
    </ClCompile>
    <ClCompile Include="..\..\component\src\serial.cpp">
      <Filter>Source Files</Filter>
    </ClCompile>
    <ClCompile Include="..\..\component\src\ustx.cpp">
      <Filter>Source Files</Filter>
    </ClCompile>
    <ClCompile Include="..\OpenwaterScanningSystem_Pulsed\robot.cpp">
      <Filter>Source Files</Filter>
    </ClCompile>
    <ClCompile Include="OctopusManager_USscanner.cpp">
      <Filter>Source Files</Filter>
    </ClCompile>
    <ClCompile Include="robotScanner_USscanner.cpp">
      <Filter>Source Files</Filter>
    </ClCompile>
    <ClCompile Include="ustxManager.cpp">
      <Filter>Source Files</Filter>
    </ClCompile>
    <ClCompile Include="..\..\third_party\practical-socket\PracticalSocket.cpp">
      <Filter>Source Files</Filter>
    </ClCompile>
  </ItemGroup>
  <ItemGroup>
    <ClInclude Include="..\..\component\inc\fx3.h">
      <Filter>Header Files</Filter>
    </ClInclude>
    <ClInclude Include="..\..\component\inc\intelhex.h">
      <Filter>Header Files</Filter>
    </ClInclude>
    <ClInclude Include="..\..\component\inc\octo_fw.h">
      <Filter>Header Files</Filter>
    </ClInclude>
    <ClInclude Include="..\..\component\inc\octopus.h">
      <Filter>Header Files</Filter>
    </ClInclude>
    <ClInclude Include="..\..\component\inc\serial.h">
      <Filter>Header Files</Filter>
    </ClInclude>
    <ClInclude Include="..\..\component\inc\time.h">
      <Filter>Header Files</Filter>
    </ClInclude>
    <ClInclude Include="..\..\component\inc\ustx.h">
      <Filter>Header Files</Filter>
    </ClInclude>
    <ClInclude Include="..\OpenwaterScanningSystem_Pulsed\robot.h">
      <Filter>Header Files</Filter>
    </ClInclude>
    <ClInclude Include="OctopusManager_USscanner.h">
      <Filter>Header Files</Filter>
    </ClInclude>
    <ClInclude Include="robotScanner_USscanner.h">
      <Filter>Header Files</Filter>
    </ClInclude>
    <ClInclude Include="ustxManager.h">
      <Filter>Header Files</Filter>
    </ClInclude>
    <ClInclude Include="..\..\third_party\practical-socket\PracticalSocket.h">
      <Filter>Header Files</Filter>
    </ClInclude>
  </ItemGroup>
</Project>